
Microsoft Visual Studio Solution File, Format Version 12.00
# Visual Studio 15
VisualStudioVersion = 15.0.26730.15
MinimumVisualStudioVersion = 10.0.40219.1
Project("{8BC9CEB8-8B4A-11D0-8D11-00A0C91BC942}") = "App1_ObjectSelection", "App1_ObjectSelection\App1_ObjectSelection.vcxproj", "{B27EAA08-4999-4800-8B71-258425CAE817}"
EndProject
Project("{2150E333-8FDC-42A3-9474-1A3956D46DE8}") = "Demos", "Demos", "{797EF36D-931A-4769-A3F9-FD1AEB26A8B5}"
EndProject
Project("{2150E333-8FDC-42A3-9474-1A3956D46DE8}") = "Week 1", "Week 1", "{FC2938F4-F9DA-4DF2-A81E-02C1DF68FF5C}"
EndProject
Project("{8BC9CEB8-8B4A-11D0-8D11-00A0C91BC942}") = "Laden en tonen images", "Laden en tonen images\Laden en tonen images.vcxproj", "{9CF4587B-3CA2-4D80-8F2E-108913BE5757}"
EndProject
Project("{8BC9CEB8-8B4A-11D0-8D11-00A0C91BC942}") = "Omzetting naar grijswaarde beeld", "Omzetting naar grijswaarde beeld\Omzetting naar grijswaarde beeld.vcxproj", "{ABDAE87F-FB03-4BF8-B4AF-40B67FB2C4D8}"
EndProject
Project("{8BC9CEB8-8B4A-11D0-8D11-00A0C91BC942}") = "Threshold_Operation", "Threshold_Operation\Threshold_Operation.vcxproj", "{9DEEDC3B-6F5D-4163-B330-3FE79386AF19}"
EndProject
Project("{8BC9CEB8-8B4A-11D0-8D11-00A0C91BC942}") = "Threshold operatie met slider", "Threshold operatie met slider\Threshold operatie met slider.vcxproj", "{8DF2E60C-4ADF-4EB5-A70F-F994F9558633}"
EndProject
Project("{8BC9CEB8-8B4A-11D0-8D11-00A0C91BC942}") = "Blob labeling", "Blob labeling\Blob labeling.vcxproj", "{7F3B62C9-E40D-4AA6-A3E6-7CCA8CCFCB94}"
EndProject
Project("{2150E333-8FDC-42A3-9474-1A3956D46DE8}") = "Week 2", "Week 2", "{E20747BD-689C-4436-B8F2-59E7460F8DEF}"
EndProject
Project("{8BC9CEB8-8B4A-11D0-8D11-00A0C91BC942}") = "Camera", "Camera\Camera.vcxproj", "{446265FB-7039-44AE-926B-1D806D1C02C8}"
EndProject
Project("{8BC9CEB8-8B4A-11D0-8D11-00A0C91BC942}") = "ErosionDilation", "ErosionDilation\ErosionDilation.vcxproj", "{E3829527-B8D4-4948-9432-3D6637B9DCE7}"
EndProject
Project("{2150E333-8FDC-42A3-9474-1A3956D46DE8}") = "Opgaven", "Opgaven", "{A085EBE3-31ED-4EB8-8F8F-5B438639266B}"
EndProject
Project("{8BC9CEB8-8B4A-11D0-8D11-00A0C91BC942}") = "Opgave2.2", "Opgave2.2\Opgave2.2.vcxproj", "{C4793502-8C8D-402E-A3B5-0BA04ACD6EE3}"
EndProject
Project("{8BC9CEB8-8B4A-11D0-8D11-00A0C91BC942}") = "App2_CountObjects", "App2_CountObjects\App2_CountObjects.vcxproj", "{1F9080AB-95CC-4072-B88D-583E4A8B00FF}"
EndProject
Project("{8BC9CEB8-8B4A-11D0-8D11-00A0C91BC942}") = "App3_ColorTrack", "App3_ColorTrack\App3_ColorTrack.vcxproj", "{A48C4AC3-5E13-45D0-95DB-52775251D314}"
EndProject
Global
	GlobalSection(SolutionConfigurationPlatforms) = preSolution
		Debug|Any CPU = Debug|Any CPU
		Debug|x64 = Debug|x64
		Debug|x86 = Debug|x86
		Release|Any CPU = Release|Any CPU
		Release|x64 = Release|x64
		Release|x86 = Release|x86
	EndGlobalSection
	GlobalSection(ProjectConfigurationPlatforms) = postSolution
		{B27EAA08-4999-4800-8B71-258425CAE817}.Debug|Any CPU.ActiveCfg = Debug|Win32
		{B27EAA08-4999-4800-8B71-258425CAE817}.Debug|x64.ActiveCfg = Debug|x64
		{B27EAA08-4999-4800-8B71-258425CAE817}.Debug|x64.Build.0 = Debug|x64
		{B27EAA08-4999-4800-8B71-258425CAE817}.Debug|x86.ActiveCfg = Debug|Win32
		{B27EAA08-4999-4800-8B71-258425CAE817}.Debug|x86.Build.0 = Debug|Win32
		{B27EAA08-4999-4800-8B71-258425CAE817}.Release|Any CPU.ActiveCfg = Release|Win32
		{B27EAA08-4999-4800-8B71-258425CAE817}.Release|x64.ActiveCfg = Release|x64
		{B27EAA08-4999-4800-8B71-258425CAE817}.Release|x64.Build.0 = Release|x64
		{B27EAA08-4999-4800-8B71-258425CAE817}.Release|x86.ActiveCfg = Release|Win32
		{B27EAA08-4999-4800-8B71-258425CAE817}.Release|x86.Build.0 = Release|Win32
		{9CF4587B-3CA2-4D80-8F2E-108913BE5757}.Debug|Any CPU.ActiveCfg = Debug|Win32
		{9CF4587B-3CA2-4D80-8F2E-108913BE5757}.Debug|x64.ActiveCfg = Debug|x64
		{9CF4587B-3CA2-4D80-8F2E-108913BE5757}.Debug|x64.Build.0 = Debug|x64
		{9CF4587B-3CA2-4D80-8F2E-108913BE5757}.Debug|x86.ActiveCfg = Debug|Win32
		{9CF4587B-3CA2-4D80-8F2E-108913BE5757}.Debug|x86.Build.0 = Debug|Win32
		{9CF4587B-3CA2-4D80-8F2E-108913BE5757}.Release|Any CPU.ActiveCfg = Release|Win32
		{9CF4587B-3CA2-4D80-8F2E-108913BE5757}.Release|x64.ActiveCfg = Release|x64
		{9CF4587B-3CA2-4D80-8F2E-108913BE5757}.Release|x64.Build.0 = Release|x64
		{9CF4587B-3CA2-4D80-8F2E-108913BE5757}.Release|x86.ActiveCfg = Release|Win32
		{9CF4587B-3CA2-4D80-8F2E-108913BE5757}.Release|x86.Build.0 = Release|Win32
		{ABDAE87F-FB03-4BF8-B4AF-40B67FB2C4D8}.Debug|Any CPU.ActiveCfg = Debug|Win32
		{ABDAE87F-FB03-4BF8-B4AF-40B67FB2C4D8}.Debug|x64.ActiveCfg = Debug|x64
		{ABDAE87F-FB03-4BF8-B4AF-40B67FB2C4D8}.Debug|x64.Build.0 = Debug|x64
		{ABDAE87F-FB03-4BF8-B4AF-40B67FB2C4D8}.Debug|x86.ActiveCfg = Debug|Win32
		{ABDAE87F-FB03-4BF8-B4AF-40B67FB2C4D8}.Debug|x86.Build.0 = Debug|Win32
		{ABDAE87F-FB03-4BF8-B4AF-40B67FB2C4D8}.Release|Any CPU.ActiveCfg = Release|Win32
		{ABDAE87F-FB03-4BF8-B4AF-40B67FB2C4D8}.Release|x64.ActiveCfg = Release|x64
		{ABDAE87F-FB03-4BF8-B4AF-40B67FB2C4D8}.Release|x64.Build.0 = Release|x64
		{ABDAE87F-FB03-4BF8-B4AF-40B67FB2C4D8}.Release|x86.ActiveCfg = Release|Win32
		{ABDAE87F-FB03-4BF8-B4AF-40B67FB2C4D8}.Release|x86.Build.0 = Release|Win32
		{9DEEDC3B-6F5D-4163-B330-3FE79386AF19}.Debug|Any CPU.ActiveCfg = Debug|Win32
		{9DEEDC3B-6F5D-4163-B330-3FE79386AF19}.Debug|x64.ActiveCfg = Debug|x64
		{9DEEDC3B-6F5D-4163-B330-3FE79386AF19}.Debug|x64.Build.0 = Debug|x64
		{9DEEDC3B-6F5D-4163-B330-3FE79386AF19}.Debug|x86.ActiveCfg = Debug|Win32
		{9DEEDC3B-6F5D-4163-B330-3FE79386AF19}.Debug|x86.Build.0 = Debug|Win32
		{9DEEDC3B-6F5D-4163-B330-3FE79386AF19}.Release|Any CPU.ActiveCfg = Release|Win32
		{9DEEDC3B-6F5D-4163-B330-3FE79386AF19}.Release|x64.ActiveCfg = Release|x64
		{9DEEDC3B-6F5D-4163-B330-3FE79386AF19}.Release|x64.Build.0 = Release|x64
		{9DEEDC3B-6F5D-4163-B330-3FE79386AF19}.Release|x86.ActiveCfg = Release|Win32
		{9DEEDC3B-6F5D-4163-B330-3FE79386AF19}.Release|x86.Build.0 = Release|Win32
		{8DF2E60C-4ADF-4EB5-A70F-F994F9558633}.Debug|Any CPU.ActiveCfg = Debug|Win32
		{8DF2E60C-4ADF-4EB5-A70F-F994F9558633}.Debug|x64.ActiveCfg = Debug|x64
		{8DF2E60C-4ADF-4EB5-A70F-F994F9558633}.Debug|x64.Build.0 = Debug|x64
		{8DF2E60C-4ADF-4EB5-A70F-F994F9558633}.Debug|x86.ActiveCfg = Debug|Win32
		{8DF2E60C-4ADF-4EB5-A70F-F994F9558633}.Debug|x86.Build.0 = Debug|Win32
		{8DF2E60C-4ADF-4EB5-A70F-F994F9558633}.Release|Any CPU.ActiveCfg = Release|Win32
		{8DF2E60C-4ADF-4EB5-A70F-F994F9558633}.Release|x64.ActiveCfg = Release|x64
		{8DF2E60C-4ADF-4EB5-A70F-F994F9558633}.Release|x64.Build.0 = Release|x64
		{8DF2E60C-4ADF-4EB5-A70F-F994F9558633}.Release|x86.ActiveCfg = Release|Win32
		{8DF2E60C-4ADF-4EB5-A70F-F994F9558633}.Release|x86.Build.0 = Release|Win32
		{7F3B62C9-E40D-4AA6-A3E6-7CCA8CCFCB94}.Debug|Any CPU.ActiveCfg = Debug|Win32
		{7F3B62C9-E40D-4AA6-A3E6-7CCA8CCFCB94}.Debug|x64.ActiveCfg = Debug|x64
		{7F3B62C9-E40D-4AA6-A3E6-7CCA8CCFCB94}.Debug|x64.Build.0 = Debug|x64
		{7F3B62C9-E40D-4AA6-A3E6-7CCA8CCFCB94}.Debug|x86.ActiveCfg = Debug|Win32
		{7F3B62C9-E40D-4AA6-A3E6-7CCA8CCFCB94}.Debug|x86.Build.0 = Debug|Win32
		{7F3B62C9-E40D-4AA6-A3E6-7CCA8CCFCB94}.Release|Any CPU.ActiveCfg = Release|Win32
		{7F3B62C9-E40D-4AA6-A3E6-7CCA8CCFCB94}.Release|x64.ActiveCfg = Release|x64
		{7F3B62C9-E40D-4AA6-A3E6-7CCA8CCFCB94}.Release|x64.Build.0 = Release|x64
		{7F3B62C9-E40D-4AA6-A3E6-7CCA8CCFCB94}.Release|x86.ActiveCfg = Release|Win32
		{7F3B62C9-E40D-4AA6-A3E6-7CCA8CCFCB94}.Release|x86.Build.0 = Release|Win32
		{446265FB-7039-44AE-926B-1D806D1C02C8}.Debug|Any CPU.ActiveCfg = Debug|Win32
		{446265FB-7039-44AE-926B-1D806D1C02C8}.Debug|x64.ActiveCfg = Debug|x64
		{446265FB-7039-44AE-926B-1D806D1C02C8}.Debug|x64.Build.0 = Debug|x64
		{446265FB-7039-44AE-926B-1D806D1C02C8}.Debug|x86.ActiveCfg = Debug|Win32
		{446265FB-7039-44AE-926B-1D806D1C02C8}.Debug|x86.Build.0 = Debug|Win32
		{446265FB-7039-44AE-926B-1D806D1C02C8}.Release|Any CPU.ActiveCfg = Release|Win32
		{446265FB-7039-44AE-926B-1D806D1C02C8}.Release|x64.ActiveCfg = Release|x64
		{446265FB-7039-44AE-926B-1D806D1C02C8}.Release|x64.Build.0 = Release|x64
		{446265FB-7039-44AE-926B-1D806D1C02C8}.Release|x86.ActiveCfg = Release|Win32
		{446265FB-7039-44AE-926B-1D806D1C02C8}.Release|x86.Build.0 = Release|Win32
		{E3829527-B8D4-4948-9432-3D6637B9DCE7}.Debug|Any CPU.ActiveCfg = Debug|Win32
		{E3829527-B8D4-4948-9432-3D6637B9DCE7}.Debug|x64.ActiveCfg = Debug|x64
		{E3829527-B8D4-4948-9432-3D6637B9DCE7}.Debug|x64.Build.0 = Debug|x64
		{E3829527-B8D4-4948-9432-3D6637B9DCE7}.Debug|x86.ActiveCfg = Debug|Win32
		{E3829527-B8D4-4948-9432-3D6637B9DCE7}.Debug|x86.Build.0 = Debug|Win32
		{E3829527-B8D4-4948-9432-3D6637B9DCE7}.Release|Any CPU.ActiveCfg = Release|Win32
		{E3829527-B8D4-4948-9432-3D6637B9DCE7}.Release|x64.ActiveCfg = Release|x64
		{E3829527-B8D4-4948-9432-3D6637B9DCE7}.Release|x64.Build.0 = Release|x64
		{E3829527-B8D4-4948-9432-3D6637B9DCE7}.Release|x86.ActiveCfg = Release|Win32
		{E3829527-B8D4-4948-9432-3D6637B9DCE7}.Release|x86.Build.0 = Release|Win32
		{C4793502-8C8D-402E-A3B5-0BA04ACD6EE3}.Debug|Any CPU.ActiveCfg = Debug|Win32
		{C4793502-8C8D-402E-A3B5-0BA04ACD6EE3}.Debug|x64.ActiveCfg = Debug|x64
		{C4793502-8C8D-402E-A3B5-0BA04ACD6EE3}.Debug|x64.Build.0 = Debug|x64
		{C4793502-8C8D-402E-A3B5-0BA04ACD6EE3}.Debug|x86.ActiveCfg = Debug|Win32
		{C4793502-8C8D-402E-A3B5-0BA04ACD6EE3}.Debug|x86.Build.0 = Debug|Win32
		{C4793502-8C8D-402E-A3B5-0BA04ACD6EE3}.Release|Any CPU.ActiveCfg = Release|Win32
		{C4793502-8C8D-402E-A3B5-0BA04ACD6EE3}.Release|x64.ActiveCfg = Release|x64
		{C4793502-8C8D-402E-A3B5-0BA04ACD6EE3}.Release|x64.Build.0 = Release|x64
		{C4793502-8C8D-402E-A3B5-0BA04ACD6EE3}.Release|x86.ActiveCfg = Release|Win32
		{C4793502-8C8D-402E-A3B5-0BA04ACD6EE3}.Release|x86.Build.0 = Release|Win32
		{1F9080AB-95CC-4072-B88D-583E4A8B00FF}.Debug|Any CPU.ActiveCfg = Debug|Win32
		{1F9080AB-95CC-4072-B88D-583E4A8B00FF}.Debug|x64.ActiveCfg = Debug|x64
		{1F9080AB-95CC-4072-B88D-583E4A8B00FF}.Debug|x64.Build.0 = Debug|x64
		{1F9080AB-95CC-4072-B88D-583E4A8B00FF}.Debug|x86.ActiveCfg = Debug|Win32
		{1F9080AB-95CC-4072-B88D-583E4A8B00FF}.Debug|x86.Build.0 = Debug|Win32
		{1F9080AB-95CC-4072-B88D-583E4A8B00FF}.Release|Any CPU.ActiveCfg = Release|Win32
		{1F9080AB-95CC-4072-B88D-583E4A8B00FF}.Release|x64.ActiveCfg = Release|x64
		{1F9080AB-95CC-4072-B88D-583E4A8B00FF}.Release|x64.Build.0 = Release|x64
		{1F9080AB-95CC-4072-B88D-583E4A8B00FF}.Release|x86.ActiveCfg = Release|Win32
		{1F9080AB-95CC-4072-B88D-583E4A8B00FF}.Release|x86.Build.0 = Release|Win32
		{A48C4AC3-5E13-45D0-95DB-52775251D314}.Debug|Any CPU.ActiveCfg = Debug|Win32
		{A48C4AC3-5E13-45D0-95DB-52775251D314}.Debug|x64.ActiveCfg = Debug|x64
		{A48C4AC3-5E13-45D0-95DB-52775251D314}.Debug|x64.Build.0 = Debug|x64
		{A48C4AC3-5E13-45D0-95DB-52775251D314}.Debug|x86.ActiveCfg = Debug|Win32
		{A48C4AC3-5E13-45D0-95DB-52775251D314}.Debug|x86.Build.0 = Debug|Win32
		{A48C4AC3-5E13-45D0-95DB-52775251D314}.Release|Any CPU.ActiveCfg = Release|Win32
		{A48C4AC3-5E13-45D0-95DB-52775251D314}.Release|x64.ActiveCfg = Release|x64
		{A48C4AC3-5E13-45D0-95DB-52775251D314}.Release|x64.Build.0 = Release|x64
		{A48C4AC3-5E13-45D0-95DB-52775251D314}.Release|x86.ActiveCfg = Release|Win32
		{A48C4AC3-5E13-45D0-95DB-52775251D314}.Release|x86.Build.0 = Release|Win32
	EndGlobalSection
	GlobalSection(SolutionProperties) = preSolution
		HideSolutionNode = FALSE
	EndGlobalSection
	GlobalSection(NestedProjects) = preSolution
		{FC2938F4-F9DA-4DF2-A81E-02C1DF68FF5C} = {797EF36D-931A-4769-A3F9-FD1AEB26A8B5}
		{9CF4587B-3CA2-4D80-8F2E-108913BE5757} = {FC2938F4-F9DA-4DF2-A81E-02C1DF68FF5C}
		{ABDAE87F-FB03-4BF8-B4AF-40B67FB2C4D8} = {FC2938F4-F9DA-4DF2-A81E-02C1DF68FF5C}
		{9DEEDC3B-6F5D-4163-B330-3FE79386AF19} = {FC2938F4-F9DA-4DF2-A81E-02C1DF68FF5C}
		{8DF2E60C-4ADF-4EB5-A70F-F994F9558633} = {FC2938F4-F9DA-4DF2-A81E-02C1DF68FF5C}
		{7F3B62C9-E40D-4AA6-A3E6-7CCA8CCFCB94} = {FC2938F4-F9DA-4DF2-A81E-02C1DF68FF5C}
		{E20747BD-689C-4436-B8F2-59E7460F8DEF} = {797EF36D-931A-4769-A3F9-FD1AEB26A8B5}
		{446265FB-7039-44AE-926B-1D806D1C02C8} = {E20747BD-689C-4436-B8F2-59E7460F8DEF}
		{E3829527-B8D4-4948-9432-3D6637B9DCE7} = {E20747BD-689C-4436-B8F2-59E7460F8DEF}
		{C4793502-8C8D-402E-A3B5-0BA04ACD6EE3} = {A085EBE3-31ED-4EB8-8F8F-5B438639266B}
	EndGlobalSection
	GlobalSection(ExtensibilityGlobals) = postSolution
		SolutionGuid = {09CD3B8C-6B30-44AE-BD9B-4FAC72A21C1A}
	EndGlobalSection
EndGlobal
