
Microsoft Visual Studio Solution File, Format Version 12.00
# Visual Studio 15
VisualStudioVersion = 15.0.26730.15
MinimumVisualStudioVersion = 10.0.40219.1
Project("{8BC9CEB8-8B4A-11D0-8D11-00A0C91BC942}") = "App1_ObjectSelection", "App1_ObjectSelection\App1_ObjectSelection.vcxproj", "{B27EAA08-4999-4800-8B71-258425CAE817}"
EndProject
Project("{2150E333-8FDC-42A3-9474-1A3956D46DE8}") = "Demos", "Demos", "{797EF36D-931A-4769-A3F9-FD1AEB26A8B5}"
EndProject
Project("{2150E333-8FDC-42A3-9474-1A3956D46DE8}") = "Week 1", "Week 1", "{FC2938F4-F9DA-4DF2-A81E-02C1DF68FF5C}"
EndProject
Project("{8BC9CEB8-8B4A-11D0-8D11-00A0C91BC942}") = "Laden en tonen images", "Laden en tonen images\Laden en tonen images.vcxproj", "{9CF4587B-3CA2-4D80-8F2E-108913BE5757}"
EndProject
Project("{8BC9CEB8-8B4A-11D0-8D11-00A0C91BC942}") = "Threshold_Op_with_Slider", "Threshold_Op_with_Slider\Threshold_Op_with_Slider.vcxproj", "{0D9A409A-F125-403C-8E02-043BFD42393E}"
EndProject
Project("{8BC9CEB8-8B4A-11D0-8D11-00A0C91BC942}") = "Threshold_Operation", "Threshold_Operation\Threshold_Operation.vcxproj", "{9DEEDC3B-6F5D-4163-B330-3FE79386AF19}"
EndProject
Global
	GlobalSection(SolutionConfigurationPlatforms) = preSolution
		Debug|x64 = Debug|x64
		Debug|x86 = Debug|x86
		Release|x64 = Release|x64
		Release|x86 = Release|x86
	EndGlobalSection
	GlobalSection(ProjectConfigurationPlatforms) = postSolution
		{B27EAA08-4999-4800-8B71-258425CAE817}.Debug|x64.ActiveCfg = Debug|x64
		{B27EAA08-4999-4800-8B71-258425CAE817}.Debug|x64.Build.0 = Debug|x64
		{B27EAA08-4999-4800-8B71-258425CAE817}.Debug|x86.ActiveCfg = Debug|Win32
		{B27EAA08-4999-4800-8B71-258425CAE817}.Debug|x86.Build.0 = Debug|Win32
		{B27EAA08-4999-4800-8B71-258425CAE817}.Release|x64.ActiveCfg = Release|x64
		{B27EAA08-4999-4800-8B71-258425CAE817}.Release|x64.Build.0 = Release|x64
		{B27EAA08-4999-4800-8B71-258425CAE817}.Release|x86.ActiveCfg = Release|Win32
		{B27EAA08-4999-4800-8B71-258425CAE817}.Release|x86.Build.0 = Release|Win32
		{9CF4587B-3CA2-4D80-8F2E-108913BE5757}.Debug|x64.ActiveCfg = Debug|x64
		{9CF4587B-3CA2-4D80-8F2E-108913BE5757}.Debug|x64.Build.0 = Debug|x64
		{9CF4587B-3CA2-4D80-8F2E-108913BE5757}.Debug|x86.ActiveCfg = Debug|Win32
		{9CF4587B-3CA2-4D80-8F2E-108913BE5757}.Debug|x86.Build.0 = Debug|Win32
		{9CF4587B-3CA2-4D80-8F2E-108913BE5757}.Release|x64.ActiveCfg = Release|x64
		{9CF4587B-3CA2-4D80-8F2E-108913BE5757}.Release|x64.Build.0 = Release|x64
		{9CF4587B-3CA2-4D80-8F2E-108913BE5757}.Release|x86.ActiveCfg = Release|Win32
		{9CF4587B-3CA2-4D80-8F2E-108913BE5757}.Release|x86.Build.0 = Release|Win32
		{0D9A409A-F125-403C-8E02-043BFD42393E}.Debug|x64.ActiveCfg = Debug|x64
		{0D9A409A-F125-403C-8E02-043BFD42393E}.Debug|x64.Build.0 = Debug|x64
		{0D9A409A-F125-403C-8E02-043BFD42393E}.Debug|x86.ActiveCfg = Debug|Win32
		{0D9A409A-F125-403C-8E02-043BFD42393E}.Debug|x86.Build.0 = Debug|Win32
		{0D9A409A-F125-403C-8E02-043BFD42393E}.Release|x64.ActiveCfg = Release|x64
		{0D9A409A-F125-403C-8E02-043BFD42393E}.Release|x64.Build.0 = Release|x64
		{0D9A409A-F125-403C-8E02-043BFD42393E}.Release|x86.ActiveCfg = Release|Win32
		{0D9A409A-F125-403C-8E02-043BFD42393E}.Release|x86.Build.0 = Release|Win32
		{9DEEDC3B-6F5D-4163-B330-3FE79386AF19}.Debug|x64.ActiveCfg = Debug|x64
		{9DEEDC3B-6F5D-4163-B330-3FE79386AF19}.Debug|x64.Build.0 = Debug|x64
		{9DEEDC3B-6F5D-4163-B330-3FE79386AF19}.Debug|x86.ActiveCfg = Debug|Win32
		{9DEEDC3B-6F5D-4163-B330-3FE79386AF19}.Debug|x86.Build.0 = Debug|Win32
		{9DEEDC3B-6F5D-4163-B330-3FE79386AF19}.Release|x64.ActiveCfg = Release|x64
		{9DEEDC3B-6F5D-4163-B330-3FE79386AF19}.Release|x64.Build.0 = Release|x64
		{9DEEDC3B-6F5D-4163-B330-3FE79386AF19}.Release|x86.ActiveCfg = Release|Win32
		{9DEEDC3B-6F5D-4163-B330-3FE79386AF19}.Release|x86.Build.0 = Release|Win32
	EndGlobalSection
	GlobalSection(SolutionProperties) = preSolution
		HideSolutionNode = FALSE
	EndGlobalSection
	GlobalSection(NestedProjects) = preSolution
		{FC2938F4-F9DA-4DF2-A81E-02C1DF68FF5C} = {797EF36D-931A-4769-A3F9-FD1AEB26A8B5}
		{9CF4587B-3CA2-4D80-8F2E-108913BE5757} = {FC2938F4-F9DA-4DF2-A81E-02C1DF68FF5C}
		{0D9A409A-F125-403C-8E02-043BFD42393E} = {FC2938F4-F9DA-4DF2-A81E-02C1DF68FF5C}
		{9DEEDC3B-6F5D-4163-B330-3FE79386AF19} = {FC2938F4-F9DA-4DF2-A81E-02C1DF68FF5C}
	EndGlobalSection
	GlobalSection(ExtensibilityGlobals) = postSolution
		SolutionGuid = {09CD3B8C-6B30-44AE-BD9B-4FAC72A21C1A}
	EndGlobalSection
EndGlobal
